
Microsoft Visual Studio Solution File, Format Version 12.00
# Visual Studio Version 17
VisualStudioVersion = 17.1.31903.286
MinimumVisualStudioVersion = 10.0.40219.1
Project("{9A19103F-16F7-4668-BE54-9A1E7A4F7556}") = "委托的兼容性", "委托的兼容性\委托的兼容性.csproj", "{E5D1C3AF-4912-42D8-BEA7-EAB9A1F354FC}"
EndProject
Project("{9A19103F-16F7-4668-BE54-9A1E7A4F7556}") = "迭代器", "迭代器\迭代器.csproj", "{3E365D24-C702-417B-8091-0978D533C5EF}"
EndProject
Project("{9A19103F-16F7-4668-BE54-9A1E7A4F7556}") = "lambda表达式", "lambda表达式\lambda表达式.csproj", "{81FFC15A-01F0-4A2B-AC6D-1C336B598CC3}"
EndProject
Project("{FAE04EC0-301F-11D3-BF4B-00C04F79EFBC}") = "扩展方法", "扩展方法\扩展方法.csproj", "{47657F10-565F-45A9-9E68-6E6ABDC1CB3C}"
EndProject
Project("{FAE04EC0-301F-11D3-BF4B-00C04F79EFBC}") = "查询表达式", "查询表达式\查询表达式.csproj", "{88C39387-8A41-4018-8DFC-729754CF2BAA}"
EndProject
Global
	GlobalSection(SolutionConfigurationPlatforms) = preSolution
		Debug|Any CPU = Debug|Any CPU
		Release|Any CPU = Release|Any CPU
	EndGlobalSection
	GlobalSection(ProjectConfigurationPlatforms) = postSolution
		{E5D1C3AF-4912-42D8-BEA7-EAB9A1F354FC}.Debug|Any CPU.ActiveCfg = Debug|Any CPU
		{E5D1C3AF-4912-42D8-BEA7-EAB9A1F354FC}.Debug|Any CPU.Build.0 = Debug|Any CPU
		{E5D1C3AF-4912-42D8-BEA7-EAB9A1F354FC}.Release|Any CPU.ActiveCfg = Release|Any CPU
		{E5D1C3AF-4912-42D8-BEA7-EAB9A1F354FC}.Release|Any CPU.Build.0 = Release|Any CPU
		{3E365D24-C702-417B-8091-0978D533C5EF}.Debug|Any CPU.ActiveCfg = Debug|Any CPU
		{3E365D24-C702-417B-8091-0978D533C5EF}.Debug|Any CPU.Build.0 = Debug|Any CPU
		{3E365D24-C702-417B-8091-0978D533C5EF}.Release|Any CPU.ActiveCfg = Release|Any CPU
		{3E365D24-C702-417B-8091-0978D533C5EF}.Release|Any CPU.Build.0 = Release|Any CPU
		{81FFC15A-01F0-4A2B-AC6D-1C336B598CC3}.Debug|Any CPU.ActiveCfg = Debug|Any CPU
		{81FFC15A-01F0-4A2B-AC6D-1C336B598CC3}.Debug|Any CPU.Build.0 = Debug|Any CPU
		{81FFC15A-01F0-4A2B-AC6D-1C336B598CC3}.Release|Any CPU.ActiveCfg = Release|Any CPU
		{81FFC15A-01F0-4A2B-AC6D-1C336B598CC3}.Release|Any CPU.Build.0 = Release|Any CPU
		{47657F10-565F-45A9-9E68-6E6ABDC1CB3C}.Debug|Any CPU.ActiveCfg = Debug|Any CPU
		{47657F10-565F-45A9-9E68-6E6ABDC1CB3C}.Debug|Any CPU.Build.0 = Debug|Any CPU
		{47657F10-565F-45A9-9E68-6E6ABDC1CB3C}.Release|Any CPU.ActiveCfg = Release|Any CPU
		{47657F10-565F-45A9-9E68-6E6ABDC1CB3C}.Release|Any CPU.Build.0 = Release|Any CPU
		{88C39387-8A41-4018-8DFC-729754CF2BAA}.Debug|Any CPU.ActiveCfg = Debug|Any CPU
		{88C39387-8A41-4018-8DFC-729754CF2BAA}.Debug|Any CPU.Build.0 = Debug|Any CPU
		{88C39387-8A41-4018-8DFC-729754CF2BAA}.Release|Any CPU.ActiveCfg = Release|Any CPU
		{88C39387-8A41-4018-8DFC-729754CF2BAA}.Release|Any CPU.Build.0 = Release|Any CPU
	EndGlobalSection
	GlobalSection(SolutionProperties) = preSolution
		HideSolutionNode = FALSE
	EndGlobalSection
	GlobalSection(ExtensibilityGlobals) = postSolution
		SolutionGuid = {449E95BF-37EF-47AC-B6E0-866972FEA2F4}
	EndGlobalSection
EndGlobal
